id: INPE_MQTTsink
label: MQTT sink
category: '[INPE]'

templates:
  imports: import INPE
  make: INPE.MQTTsink(${host}, ${port}, ${topic}, ${verbose})

parameters:
- id: host
  label: Broker Hostname
  dtype: string
- id: port
  label: Broker Port
  dtype: int
- id: topic
  label: Topic
  dtype: string
- id: verbose
  label: Verbose
  dtype: bool
  default: 'False'
  options: ['True', 'False']
  option_labels: ['Yes', 'No']

inputs:
- domain: message
  id: in

#  'file_format' specifies the version of the GRC yml format used in the file
#  and should usually not be changed.
file_format: 1
