id: floripasat_rangerate
label: Range Rate
category: '[floripasat]'

templates:
  imports: import floripasat
  make: floripasat.rangerate(${verbose})

parameters:
- id: verbose
  label: Verbose
  dtype: bool
  default: 'False'
  options: ['True', 'False']
  option_labels: ['Yes', 'No']

inputs:
- label: tle
  domain: stream
  dtype: byte
- label: lat
  domain: stream
  dtype: byte
- label: lon
  domain: stream
  dtype: byte
- label: alt
  domain: stream
  dtype: byte

outputs:
- label: rangerate
  domain: stream
  dtype: float

#  'file_format' specifies the version of the GRC yml format used in the file
#  and should usually not be changed.
file_format: 1
